{
  "version": "2",
  "remote": {
    "https://cdn.jsdelivr.net/gh/janispritzkau/deno-minecraft@f0d3d355/io/mod.ts": "4b65ecaf985db4b526f55244beadba6da05228b7fbb19863bb64bf5ea9c125d1",
    "https://cdn.jsdelivr.net/gh/janispritzkau/deno-minecraft@f0d3d355/io/reader.ts": "f6c024c124c86b0a12de86f4145e8f8a4313e9424a16747c64fb389371de634d",
    "https://cdn.jsdelivr.net/gh/janispritzkau/deno-minecraft@f0d3d355/io/writer.ts": "ff9b43fb058c592fd8d0fa76a601b43324aef4230ce7fb444ef870ce4997ef76",
    "https://cdn.jsdelivr.net/gh/janispritzkau/deno-minecraft@f0d3d355/nbt/_io.ts": "823e894cef1d0416b3ca498b4d3bbb0dc2f91a72a25c59fbdfb681635e35ae1b",
    "https://cdn.jsdelivr.net/gh/janispritzkau/deno-minecraft@f0d3d355/nbt/_tag.ts": "619d386a896fb9525e5b322d6fc027a517285f69b3949c0a82adfd4978278059",
    "https://cdn.jsdelivr.net/gh/janispritzkau/deno-minecraft@f0d3d355/nbt/snbt.ts": "6c0f23b0efe52e71536472e15d3f05b993639db673861339ebba64234116b30f",
    "https://cdn.jsdelivr.net/gh/janispritzkau/deno-minecraft@f0d3d355/nbt/tag.ts": "5bba2de81a459d1a1b03e50ef4c73f9d65d6370ed78501d610cb1e7b11e0d8d7",
    "https://deno.land/std@0.181.0/semver/mod.ts": "200f50cf6872212667df532fb09f0b1a33d3427a5201f75fad30a0d0c6dbcce3",
    "https://deno.land/x/zipjs@2.6.81/index.d.ts": "b099f9dd6cdaca167c87bafe6c1ea7af1a2204db1d5cdb252e02850a26bc6466",
    "https://deno.land/x/zipjs@2.6.81/index.js": "7c71926e0c9618e48a22d9dce701131704fd3148a1d2eefd5dba1d786c846a5f",
    "https://deno.land/x/zipjs@2.6.81/lib/core/codec-pool.js": "54101f231bcf4f206b050842cf277e71c31cfaccbe789a9b1b1b0b3b3b03e0a2",
    "https://deno.land/x/zipjs@2.6.81/lib/core/codec-worker.js": "0d9f5ac94390aafaa6a51b8615887628b341a858e3dfa179b4b1620d0b71c9b1",
    "https://deno.land/x/zipjs@2.6.81/lib/core/configuration.js": "baa316a63df2f8239f9d52cd4863eaedaddd34ad887b7513588da75d19e84932",
    "https://deno.land/x/zipjs@2.6.81/lib/core/constants.js": "c1aff78c6b9378b26ab4330e85032160ebf1f2d09a99e5e6907626f816e88908",
    "https://deno.land/x/zipjs@2.6.81/lib/core/io.js": "8ae9dd6a987cda416117876eaf81b457528a6827808dcd13c8c4924905c1575f",
    "https://deno.land/x/zipjs@2.6.81/lib/core/streams/aes-crypto-stream.js": "3df0fbc66f55b1ed9dd1e23966fe518e3efe26a13a5b59e1b75208d49973f15c",
    "https://deno.land/x/zipjs@2.6.81/lib/core/streams/codec-stream.js": "a2dff9679b504f6340a8c21112b69d8dc0bf103aeb2cabec7872c9ef43abcd5f",
    "https://deno.land/x/zipjs@2.6.81/lib/core/streams/codecs/crc32.js": "dfdde666f72b4a5ffc8cf5b1451e0db578ce4bd90de20df2cff5bfd47758cb23",
    "https://deno.land/x/zipjs@2.6.81/lib/core/streams/codecs/deflate.js": "5c0058b730ca09044c31c67ae0b56993baae7801807c5ab18b5931ee37d9fe24",
    "https://deno.land/x/zipjs@2.6.81/lib/core/streams/codecs/inflate.js": "769cc7dfd9da81ae3ae2ddae07a7102951c30123ead5e9b8983a134f2d45b417",
    "https://deno.land/x/zipjs@2.6.81/lib/core/streams/codecs/sjcl.js": "462289c5312f01bba8a757a7a0f3d8f349f471183cb4c49fb73d58bba18a5428",
    "https://deno.land/x/zipjs@2.6.81/lib/core/streams/common-crypto.js": "585b35208986d4bfe9b7a02e922a5144fa69be0890d57273c0e74be81dfdb441",
    "https://deno.land/x/zipjs@2.6.81/lib/core/streams/crc32-stream.js": "23b8ae832c77866435dab93319ec39b8af6b38acf737f582f2344716775e9952",
    "https://deno.land/x/zipjs@2.6.81/lib/core/streams/stream-adapter.js": "9e7f3fe1601cc447943cd37b5adb6d74c6e9c404d002e707e8eace7bc048929c",
    "https://deno.land/x/zipjs@2.6.81/lib/core/streams/zip-crypto-stream.js": "7c959f0d47c6b282171e640f5072b4a890027fc25d375da9d130c0d680e79862",
    "https://deno.land/x/zipjs@2.6.81/lib/core/streams/zip-entry-stream.js": "5e645444fa2dc5b1cb88333ecfdbc99cce36d8c66a4610b5116bfd32bfb96199",
    "https://deno.land/x/zipjs@2.6.81/lib/core/util/cp437-decode.js": "d665ded184037ffe5d255be8f379f90416053e3d0d84fac95b28f4aeaab3d336",
    "https://deno.land/x/zipjs@2.6.81/lib/core/util/decode-text.js": "c04a098fa7c16470c48b6abd4eb4ac48af53547de65e7c8f39b78ae62330ad57",
    "https://deno.land/x/zipjs@2.6.81/lib/core/util/default-mime-type.js": "177ae00e1956d3d00cdefc40eb158cb591d3d24ede452c056d30f98d73d9cd73",
    "https://deno.land/x/zipjs@2.6.81/lib/core/util/encode-text.js": "c51a8947c15b7fe31b0036b69fd68817f54b30ce29502b5c9609d8b15e3b20d9",
    "https://deno.land/x/zipjs@2.6.81/lib/core/util/mime-type.js": "7e4f0d516923f7dcf5cd14a0d06e2b7af9dacd160c707afac82f3ce6c69ae287",
    "https://deno.land/x/zipjs@2.6.81/lib/core/util/stream-codec-shim.js": "845c0659c6ab9ed9b03cae452255e4e0a699001e8b45ccae23cb0ece5f91064c",
    "https://deno.land/x/zipjs@2.6.81/lib/core/zip-entry.js": "d30a535cd1e75ef98094cd04120f178c103cdc4055d23ff747ffc6a154da8d2d",
    "https://deno.land/x/zipjs@2.6.81/lib/core/zip-fs-core.js": "de0531dcc13de588a920375245e78921b1c8467804699528d9515aa9692e0e32",
    "https://deno.land/x/zipjs@2.6.81/lib/core/zip-reader.js": "4ad2cf7ec18b57e49388f02df5efa42454c8f4aeb83c780969ed2d18423ffbf2",
    "https://deno.land/x/zipjs@2.6.81/lib/core/zip-writer.js": "d9aee7a2330a7a26460cb8c033db9ebd108bcc3eff4f6cd474cfd19e0e10e09e",
    "https://deno.land/x/zipjs@2.6.81/lib/z-worker-inline.js": "67e91bea6e9e12f1241d59014337eb5a2e6a83ac6b69d3aae99f107176c4db80",
    "https://deno.land/x/zipjs@2.6.81/lib/zip-fs.js": "a733360302f5fbec9cc01543cb9fcfe7bae3f35a50d0006626ce42fe8183b63f"
  }
}
