{
  "version": "2",
  "remote": {
    "https://deno.land/std@0.177.0/_util/asserts.ts": "178dfc49a464aee693a7e285567b3d0b555dc805ff490505a8aae34f9cfb1462",
    "https://deno.land/std@0.177.0/_util/os.ts": "d932f56d41e4f6a6093d56044e29ce637f8dcc43c5a90af43504a889cf1775e3",
    "https://deno.land/std@0.177.0/bytes/index_of_needle.ts": "65c939607df609374c4415598fa4dad04a2f14c4d98cd15775216f0aaf597f24",
    "https://deno.land/std@0.177.0/encoding/base64.ts": "7de04c2f8aeeb41453b09b186480be90f2ff357613b988e99fabb91d2eeceba1",
    "https://deno.land/std@0.177.0/encoding/base64url.ts": "3f1178f6446834457b16bfde8b559c1cd3481727fe384d3385e4a9995dc2d851",
    "https://deno.land/std@0.177.0/node/_core.ts": "9a58c0ef98ee77e9b8fcc405511d1b37a003a705eb6a9b6e95f75434d8009adc",
    "https://deno.land/std@0.177.0/node/_utils.ts": "7fd55872a0cf9275e3c080a60e2fa6d45b8de9e956ebcde9053e72a344185884",
    "https://deno.land/std@0.177.0/node/buffer.ts": "85617be2063eccaf177dbb84c7580d1e32023724ed14bd9df4e453b152a26167",
    "https://deno.land/std@0.177.0/node/internal/buffer.d.ts": "bdfa991cd88cb02fd08bf8235d2618550e3e511c970b2a8f2e1a6885a2793cac",
    "https://deno.land/std@0.177.0/node/internal/buffer.mjs": "e92303a3cc6d9aaabcd270a937ad9319825d9ba08cb332650944df4562029b27",
    "https://deno.land/std@0.177.0/node/internal/crypto/_keys.ts": "8f3c3b5a141aa0331a53c205e9338655f1b3b307a08085fd6ff6dda6f7c4190b",
    "https://deno.land/std@0.177.0/node/internal/crypto/constants.ts": "544d605703053218499b08214f2e25cf4310651d535b7ab995891c4b7a217693",
    "https://deno.land/std@0.177.0/node/internal/error_codes.ts": "8495e33f448a484518d76fa3d41d34fc20fe03c14b30130ad8e936b0035d4b8b",
    "https://deno.land/std@0.177.0/node/internal/errors.ts": "1c699b8a3cb93174f697a348c004b1c6d576b66688eac8a48ebb78e65c720aae",
    "https://deno.land/std@0.177.0/node/internal/hide_stack_frames.ts": "9dd1bad0a6e62a1042ce3a51eb1b1ecee2f246907bff44835f86e8f021de679a",
    "https://deno.land/std@0.177.0/node/internal/normalize_encoding.mjs": "fd1d9df61c44d7196432f6e8244621468715131d18cc79cd299fc78ac549f707",
    "https://deno.land/std@0.177.0/node/internal/primordials.mjs": "a72d86b5aa55d3d50b8e916b6a59b7cc0dc5a31da8937114b4a113ad5aa08c74",
    "https://deno.land/std@0.177.0/node/internal/util.mjs": "f7fe2e1ca5e66f550ad0856b9f5ee4d666f0c071fe212ea7fc7f37cfa81f97a5",
    "https://deno.land/std@0.177.0/node/internal/util/inspect.mjs": "11d7c9cab514b8e485acc3978c74b837263ff9c08ae4537fa18ad56bae633259",
    "https://deno.land/std@0.177.0/node/internal/util/types.ts": "0e587b44ec5e017cf228589fc5ce9983b75beece6c39409c34170cfad49d6417",
    "https://deno.land/std@0.177.0/node/internal/validators.mjs": "e02f2b02dd072a5d623970292588d541204dc82207b4c58985d933a5f4b382e6",
    "https://deno.land/std@0.177.0/node/internal_binding/_libuv_winerror.ts": "30c9569603d4b97a1f1a034d88a3f74800d5ea1f12fcc3d225c9899d4e1a518b",
    "https://deno.land/std@0.177.0/node/internal_binding/_node.ts": "cb2389b0eab121df99853eb6a5e3a684e4537e065fb8bf2cca0cbf219ce4e32e",
    "https://deno.land/std@0.177.0/node/internal_binding/_utils.ts": "7c58a2fbb031a204dee9583ba211cf9c67922112fe77e7f0b3226112469e9fe1",
    "https://deno.land/std@0.177.0/node/internal_binding/_winerror.ts": "3e8cfdfe22e89f13d2b28529bab35155e6b1730c0221ec5a6fc7077dc037be13",
    "https://deno.land/std@0.177.0/node/internal_binding/buffer.ts": "31729e0537921d6c730ad0afea44a7e8a0a1044d070ade8368226cb6f7390c8b",
    "https://deno.land/std@0.177.0/node/internal_binding/constants.ts": "21ff9d1ee71d0a2086541083a7711842fc6ae25e264dbf45c73815aadce06f4c",
    "https://deno.land/std@0.177.0/node/internal_binding/string_decoder.ts": "54c3c1cbd5a9254881be58bf22637965dc69535483014dab60487e299cb95445",
    "https://deno.land/std@0.177.0/node/internal_binding/types.ts": "2187595a58d2cf0134f4db6cc2a12bf777f452f52b15b6c3aed73fa072aa5fc3",
    "https://deno.land/std@0.177.0/node/internal_binding/util.ts": "808ff3b92740284184ab824adfc420e75398c88c8bccf5111f0c24ac18c48f10",
    "https://deno.land/std@0.177.0/node/internal_binding/uv.ts": "eb0048e30af4db407fb3f95563e30d70efd6187051c033713b0a5b768593a3a3",
    "https://deno.land/std@0.181.0/semver/mod.ts": "200f50cf6872212667df532fb09f0b1a33d3427a5201f75fad30a0d0c6dbcce3",
    "https://deno.land/x/zipjs@2.6.81/index.d.ts": "b099f9dd6cdaca167c87bafe6c1ea7af1a2204db1d5cdb252e02850a26bc6466",
    "https://deno.land/x/zipjs@2.6.81/index.js": "7c71926e0c9618e48a22d9dce701131704fd3148a1d2eefd5dba1d786c846a5f",
    "https://deno.land/x/zipjs@2.6.81/lib/core/codec-pool.js": "54101f231bcf4f206b050842cf277e71c31cfaccbe789a9b1b1b0b3b3b03e0a2",
    "https://deno.land/x/zipjs@2.6.81/lib/core/codec-worker.js": "0d9f5ac94390aafaa6a51b8615887628b341a858e3dfa179b4b1620d0b71c9b1",
    "https://deno.land/x/zipjs@2.6.81/lib/core/configuration.js": "baa316a63df2f8239f9d52cd4863eaedaddd34ad887b7513588da75d19e84932",
    "https://deno.land/x/zipjs@2.6.81/lib/core/constants.js": "c1aff78c6b9378b26ab4330e85032160ebf1f2d09a99e5e6907626f816e88908",
    "https://deno.land/x/zipjs@2.6.81/lib/core/io.js": "8ae9dd6a987cda416117876eaf81b457528a6827808dcd13c8c4924905c1575f",
    "https://deno.land/x/zipjs@2.6.81/lib/core/streams/aes-crypto-stream.js": "3df0fbc66f55b1ed9dd1e23966fe518e3efe26a13a5b59e1b75208d49973f15c",
    "https://deno.land/x/zipjs@2.6.81/lib/core/streams/codec-stream.js": "a2dff9679b504f6340a8c21112b69d8dc0bf103aeb2cabec7872c9ef43abcd5f",
    "https://deno.land/x/zipjs@2.6.81/lib/core/streams/codecs/crc32.js": "dfdde666f72b4a5ffc8cf5b1451e0db578ce4bd90de20df2cff5bfd47758cb23",
    "https://deno.land/x/zipjs@2.6.81/lib/core/streams/codecs/deflate.js": "5c0058b730ca09044c31c67ae0b56993baae7801807c5ab18b5931ee37d9fe24",
    "https://deno.land/x/zipjs@2.6.81/lib/core/streams/codecs/inflate.js": "769cc7dfd9da81ae3ae2ddae07a7102951c30123ead5e9b8983a134f2d45b417",
    "https://deno.land/x/zipjs@2.6.81/lib/core/streams/codecs/sjcl.js": "462289c5312f01bba8a757a7a0f3d8f349f471183cb4c49fb73d58bba18a5428",
    "https://deno.land/x/zipjs@2.6.81/lib/core/streams/common-crypto.js": "585b35208986d4bfe9b7a02e922a5144fa69be0890d57273c0e74be81dfdb441",
    "https://deno.land/x/zipjs@2.6.81/lib/core/streams/crc32-stream.js": "23b8ae832c77866435dab93319ec39b8af6b38acf737f582f2344716775e9952",
    "https://deno.land/x/zipjs@2.6.81/lib/core/streams/stream-adapter.js": "9e7f3fe1601cc447943cd37b5adb6d74c6e9c404d002e707e8eace7bc048929c",
    "https://deno.land/x/zipjs@2.6.81/lib/core/streams/zip-crypto-stream.js": "7c959f0d47c6b282171e640f5072b4a890027fc25d375da9d130c0d680e79862",
    "https://deno.land/x/zipjs@2.6.81/lib/core/streams/zip-entry-stream.js": "5e645444fa2dc5b1cb88333ecfdbc99cce36d8c66a4610b5116bfd32bfb96199",
    "https://deno.land/x/zipjs@2.6.81/lib/core/util/cp437-decode.js": "d665ded184037ffe5d255be8f379f90416053e3d0d84fac95b28f4aeaab3d336",
    "https://deno.land/x/zipjs@2.6.81/lib/core/util/decode-text.js": "c04a098fa7c16470c48b6abd4eb4ac48af53547de65e7c8f39b78ae62330ad57",
    "https://deno.land/x/zipjs@2.6.81/lib/core/util/default-mime-type.js": "177ae00e1956d3d00cdefc40eb158cb591d3d24ede452c056d30f98d73d9cd73",
    "https://deno.land/x/zipjs@2.6.81/lib/core/util/encode-text.js": "c51a8947c15b7fe31b0036b69fd68817f54b30ce29502b5c9609d8b15e3b20d9",
    "https://deno.land/x/zipjs@2.6.81/lib/core/util/mime-type.js": "7e4f0d516923f7dcf5cd14a0d06e2b7af9dacd160c707afac82f3ce6c69ae287",
    "https://deno.land/x/zipjs@2.6.81/lib/core/util/stream-codec-shim.js": "845c0659c6ab9ed9b03cae452255e4e0a699001e8b45ccae23cb0ece5f91064c",
    "https://deno.land/x/zipjs@2.6.81/lib/core/zip-entry.js": "d30a535cd1e75ef98094cd04120f178c103cdc4055d23ff747ffc6a154da8d2d",
    "https://deno.land/x/zipjs@2.6.81/lib/core/zip-fs-core.js": "de0531dcc13de588a920375245e78921b1c8467804699528d9515aa9692e0e32",
    "https://deno.land/x/zipjs@2.6.81/lib/core/zip-reader.js": "4ad2cf7ec18b57e49388f02df5efa42454c8f4aeb83c780969ed2d18423ffbf2",
    "https://deno.land/x/zipjs@2.6.81/lib/core/zip-writer.js": "d9aee7a2330a7a26460cb8c033db9ebd108bcc3eff4f6cd474cfd19e0e10e09e",
    "https://deno.land/x/zipjs@2.6.81/lib/z-worker-inline.js": "67e91bea6e9e12f1241d59014337eb5a2e6a83ac6b69d3aae99f107176c4db80",
    "https://deno.land/x/zipjs@2.6.81/lib/zip-fs.js": "a733360302f5fbec9cc01543cb9fcfe7bae3f35a50d0006626ce42fe8183b63f",
    "https://esm.sh/v113/nbt-ts@2.0.2": "3d82207bd5aeed6356f70225e231f6e03bf3c6c1235efc721d3e4f52b8c0101b",
    "https://esm.sh/v113/nbt-ts@2.0.2/deno/nbt-ts.mjs": "d8a8f4fec64a1e905298ebdefad3a3d9569e8e87c47f443a1f3aae9df9783194",
    "https://esm.sh/v113/nbt-ts@2.0.2/lib/index.d.ts": "4f1d7fefa26c91be8ff60bb115ad8fe4c1dfd9485b8618ebf9c9d25defdabf5a",
    "https://esm.sh/v113/nbt-ts@2.0.2/lib/snbt.d.ts": "d664017504657c892f6330633bef99bb7e8b0bc4fc4f9df8975658dca370307b",
    "https://esm.sh/v113/nbt-ts@2.0.2/lib/tag.d.ts": "c8f24c140ea4aa6c0226b20cc2366cf59b024d1614444dedd6d64feb202b5573"
  }
}
