{
  "version": "2",
  "remote": {
    "https://deno.land/std@0.170.0/_util/asserts.ts": "d0844e9b62510f89ce1f9878b046f6a57bf88f208a10304aab50efcb48365272",
    "https://deno.land/std@0.170.0/_util/os.ts": "8a33345f74990e627b9dfe2de9b040004b08ea5146c7c9e8fe9a29070d193934",
    "https://deno.land/std@0.170.0/bytes/index_of_needle.ts": "19db73583cf6e038ca7763dd9fe9b9f2733ffa8be530d7b42f52bc9f3c2ee989",
    "https://deno.land/std@0.170.0/encoding/base64.ts": "8605e018e49211efc767686f6f687827d7f5fd5217163e981d8d693105640d7a",
    "https://deno.land/std@0.170.0/encoding/base64url.ts": "0283b12fcd306c11e3cf26fc022fecc800c6acc19704ea8bdb3908898fcd06d6",
    "https://deno.land/std@0.170.0/node/_core.ts": "92e000441742387f7ded7cc582ca4089c0bc13aa5f00cecdfa4876dc832dfd10",
    "https://deno.land/std@0.170.0/node/_utils.ts": "1085a229e910b3a6672f3c3be05507591811dc67be2ae2188e9fc9ef4376b172",
    "https://deno.land/std@0.170.0/node/buffer.ts": "43f07b2d1523345bf35b7deb7fcdad6e916020a631a7bc1b5efcaff556db4e1d",
    "https://deno.land/std@0.170.0/node/internal/buffer.d.ts": "90f674081428a61978b6d481c5f557ff743a3f4a85d7ae113caab48fdf5b8a63",
    "https://deno.land/std@0.170.0/node/internal/buffer.mjs": "50320a6bcf770f03428e77e5ba46b19f69842539c6493b89c6515ba1b0def6ee",
    "https://deno.land/std@0.170.0/node/internal/crypto/_keys.ts": "63229ff3d8d15b5bd0a1d2ebc19313cbb8ac969875bf16df1ce4f2b497d74fb5",
    "https://deno.land/std@0.170.0/node/internal/crypto/constants.ts": "d2c8821977aef55e4d66414d623c24a2447791a8b49b6404b8db32d81e20c315",
    "https://deno.land/std@0.170.0/node/internal/error_codes.ts": "ac03c4eae33de3a69d6c98e8678003207eecf75a6900eb847e3fea3c8c9e6d8f",
    "https://deno.land/std@0.170.0/node/internal/errors.ts": "b9aec7d1fe3eaf21322d0ea9dc2fcb344055d6b0c7a1bd0f62a0c379a5baa799",
    "https://deno.land/std@0.170.0/node/internal/hide_stack_frames.ts": "a91962ec84610bc7ec86022c4593cdf688156a5910c07b5bcd71994225c13a03",
    "https://deno.land/std@0.170.0/node/internal/normalize_encoding.mjs": "3779ec8a7adf5d963b0224f9b85d1bc974a2ec2db0e858396b5d3c2c92138a0a",
    "https://deno.land/std@0.170.0/node/internal/primordials.mjs": "7cf5afe471583e4a384eeea109bdff276b6b7f3a3af830f99f951fb7d57ef423",
    "https://deno.land/std@0.170.0/node/internal/util.mjs": "35d24fb775468cd24443bcf0ec68904b8aa44e5b53845491a5e3382421917f9a",
    "https://deno.land/std@0.170.0/node/internal/util/inspect.mjs": "1ddace0c97719d2cc0869ba177d375e96051301352ec235cbfb2ecbfcd4e8fba",
    "https://deno.land/std@0.170.0/node/internal/util/types.ts": "5b15a8051a6e58b6c1a424e0e7137b77b0ef60409d54d05db22a97e0d1d5b589",
    "https://deno.land/std@0.170.0/node/internal/validators.mjs": "67deae0f488d013c8bf485742a5478112b8e48837cb2458c4a8b2669cf7017db",
    "https://deno.land/std@0.170.0/node/internal_binding/_libuv_winerror.ts": "801e05c2742ae6cd42a5f0fd555a255a7308a65732551e962e5345f55eedc519",
    "https://deno.land/std@0.170.0/node/internal_binding/_node.ts": "e4075ba8a37aef4eb5b592c8e3807c39cb49ca8653faf8e01a43421938076c1b",
    "https://deno.land/std@0.170.0/node/internal_binding/_utils.ts": "1c50883b5751a9ea1b38951e62ed63bacfdc9d69ea665292edfa28e1b1c5bd94",
    "https://deno.land/std@0.170.0/node/internal_binding/_winerror.ts": "8811d4be66f918c165370b619259c1f35e8c3e458b8539db64c704fbde0a7cd2",
    "https://deno.land/std@0.170.0/node/internal_binding/buffer.ts": "dfba9e1a50b637cfd72e569aa11959dcaf626b898ab7e851d21526a2bdaec588",
    "https://deno.land/std@0.170.0/node/internal_binding/constants.ts": "1ad4de9f76733320527c8bc841b5e4dd5869424924384157a72f3b171bd05b08",
    "https://deno.land/std@0.170.0/node/internal_binding/string_decoder.ts": "5cb1863763d1e9b458bc21d6f976f16d9c18b3b3f57eaf0ade120aee38fba227",
    "https://deno.land/std@0.170.0/node/internal_binding/types.ts": "69000b1b92e0ca999c737f5add38827742b3ca3fe37a2389c80290de0ae6ef01",
    "https://deno.land/std@0.170.0/node/internal_binding/util.ts": "faf5146c3cc3b2d6c26026a818b4a16e91488ab26e63c069f36ba3c3ae24c97b",
    "https://deno.land/std@0.170.0/node/internal_binding/uv.ts": "27922aaec43de314afd99dfca1ce8f4d51ced9f5195e4917b54d387766404f61",
    "https://deno.land/std@0.171.0/semver/mod.ts": "80acd488589001b15542847663101142fb251729a8c902ae60d66427a4a9eae1",
    "https://deno.land/x/zipjs@v2.6.61/index.d.ts": "2ac15045c3ada9b80e335597c72fe3248375abcd87efa357725a1aa028a9bde2",
    "https://deno.land/x/zipjs@v2.6.61/index.js": "7c71926e0c9618e48a22d9dce701131704fd3148a1d2eefd5dba1d786c846a5f",
    "https://deno.land/x/zipjs@v2.6.61/lib/core/codec-pool.js": "54101f231bcf4f206b050842cf277e71c31cfaccbe789a9b1b1b0b3b3b03e0a2",
    "https://deno.land/x/zipjs@v2.6.61/lib/core/codec-worker.js": "0d9f5ac94390aafaa6a51b8615887628b341a858e3dfa179b4b1620d0b71c9b1",
    "https://deno.land/x/zipjs@v2.6.61/lib/core/configuration.js": "baa316a63df2f8239f9d52cd4863eaedaddd34ad887b7513588da75d19e84932",
    "https://deno.land/x/zipjs@v2.6.61/lib/core/constants.js": "c1aff78c6b9378b26ab4330e85032160ebf1f2d09a99e5e6907626f816e88908",
    "https://deno.land/x/zipjs@v2.6.61/lib/core/io.js": "1e362b54e1900d30274f0b7706ce23297d65fd2d404fbee2397d927d06c2f53a",
    "https://deno.land/x/zipjs@v2.6.61/lib/core/streams/aes-crypto-stream.js": "3df0fbc66f55b1ed9dd1e23966fe518e3efe26a13a5b59e1b75208d49973f15c",
    "https://deno.land/x/zipjs@v2.6.61/lib/core/streams/codec-stream.js": "a2dff9679b504f6340a8c21112b69d8dc0bf103aeb2cabec7872c9ef43abcd5f",
    "https://deno.land/x/zipjs@v2.6.61/lib/core/streams/codecs/crc32.js": "dfdde666f72b4a5ffc8cf5b1451e0db578ce4bd90de20df2cff5bfd47758cb23",
    "https://deno.land/x/zipjs@v2.6.61/lib/core/streams/codecs/deflate.js": "5c0058b730ca09044c31c67ae0b56993baae7801807c5ab18b5931ee37d9fe24",
    "https://deno.land/x/zipjs@v2.6.61/lib/core/streams/codecs/inflate.js": "769cc7dfd9da81ae3ae2ddae07a7102951c30123ead5e9b8983a134f2d45b417",
    "https://deno.land/x/zipjs@v2.6.61/lib/core/streams/codecs/sjcl.js": "761638dcc49da13429e790c9e8a84ce107bcc4380a318d860c0934dc8b3c23dd",
    "https://deno.land/x/zipjs@v2.6.61/lib/core/streams/common-crypto.js": "6cca6cfafe068fa8aa4f82788d8fb5131109cf7d1c204c27166f59120d2fa01a",
    "https://deno.land/x/zipjs@v2.6.61/lib/core/streams/crc32-stream.js": "23b8ae832c77866435dab93319ec39b8af6b38acf737f582f2344716775e9952",
    "https://deno.land/x/zipjs@v2.6.61/lib/core/streams/stream-adapter.js": "9e7f3fe1601cc447943cd37b5adb6d74c6e9c404d002e707e8eace7bc048929c",
    "https://deno.land/x/zipjs@v2.6.61/lib/core/streams/zip-crypto-stream.js": "7c959f0d47c6b282171e640f5072b4a890027fc25d375da9d130c0d680e79862",
    "https://deno.land/x/zipjs@v2.6.61/lib/core/streams/zip-entry-stream.js": "5e645444fa2dc5b1cb88333ecfdbc99cce36d8c66a4610b5116bfd32bfb96199",
    "https://deno.land/x/zipjs@v2.6.61/lib/core/util/cp437-decode.js": "d665ded184037ffe5d255be8f379f90416053e3d0d84fac95b28f4aeaab3d336",
    "https://deno.land/x/zipjs@v2.6.61/lib/core/util/decode-text.js": "c04a098fa7c16470c48b6abd4eb4ac48af53547de65e7c8f39b78ae62330ad57",
    "https://deno.land/x/zipjs@v2.6.61/lib/core/util/default-mime-type.js": "177ae00e1956d3d00cdefc40eb158cb591d3d24ede452c056d30f98d73d9cd73",
    "https://deno.land/x/zipjs@v2.6.61/lib/core/util/encode-text.js": "c51a8947c15b7fe31b0036b69fd68817f54b30ce29502b5c9609d8b15e3b20d9",
    "https://deno.land/x/zipjs@v2.6.61/lib/core/util/mime-type.js": "7e4f0d516923f7dcf5cd14a0d06e2b7af9dacd160c707afac82f3ce6c69ae287",
    "https://deno.land/x/zipjs@v2.6.61/lib/core/util/stream-codec-shim.js": "845c0659c6ab9ed9b03cae452255e4e0a699001e8b45ccae23cb0ece5f91064c",
    "https://deno.land/x/zipjs@v2.6.61/lib/core/zip-entry.js": "d30a535cd1e75ef98094cd04120f178c103cdc4055d23ff747ffc6a154da8d2d",
    "https://deno.land/x/zipjs@v2.6.61/lib/core/zip-fs-core.js": "802081f39ec4c03e7c21bb2fcb5dde9bf06bc63dadd5f808770810de45217a71",
    "https://deno.land/x/zipjs@v2.6.61/lib/core/zip-reader.js": "4ad2cf7ec18b57e49388f02df5efa42454c8f4aeb83c780969ed2d18423ffbf2",
    "https://deno.land/x/zipjs@v2.6.61/lib/core/zip-writer.js": "f4f83b205bc465b931aedccd1bdc7aeba22f9a01c57819d3ef3dc2d18c02bfde",
    "https://deno.land/x/zipjs@v2.6.61/lib/z-worker-inline.js": "5fbfc7b8871e07bf925b8af1cf3da8a7ac29defc193c2112673dd83668b1f8e4",
    "https://deno.land/x/zipjs@v2.6.61/lib/zip-fs.js": "a733360302f5fbec9cc01543cb9fcfe7bae3f35a50d0006626ce42fe8183b63f",
    "https://esm.sh/v102/nbt-ts@2.0.2": "03d21736b103013838efa8c9cb6fd78cb9c1d07dd96195102a9cac87eda68b96",
    "https://esm.sh/v102/nbt-ts@2.0.2/deno/nbt-ts.js": "3891047b723b6624ad5a07a0ed557f0d2b2f372ee10a3ef74ccefa16f523be1a",
    "https://esm.sh/v102/nbt-ts@2.0.2/lib/index.d.ts": "4f1d7fefa26c91be8ff60bb115ad8fe4c1dfd9485b8618ebf9c9d25defdabf5a",
    "https://esm.sh/v102/nbt-ts@2.0.2/lib/snbt.d.ts": "d664017504657c892f6330633bef99bb7e8b0bc4fc4f9df8975658dca370307b",
    "https://esm.sh/v102/nbt-ts@2.0.2/lib/tag.d.ts": "c8f24c140ea4aa6c0226b20cc2366cf59b024d1614444dedd6d64feb202b5573"
  }
}
